
Microsoft Visual Studio Solution File, Format Version 12.00
# Visual Studio Version 17
VisualStudioVersion = 17.0.31612.314
MinimumVisualStudioVersion = 10.0.40219.1
Project("{9A19103F-16F7-4668-BE54-9A1E7A4F7556}") = "Installizer", "Installizer\Installizer.csproj", "{3C87F9A8-0C2F-4874-BAA0-348727FEA7F3}"
EndProject
Project("{FAE04EC0-301F-11D3-BF4B-00C04F79EFBC}") = "Inst", "Inst\Inst.csproj", "{5081CED4-2FE9-41B1-99F2-5C5B28427132}"
EndProject
Global
	GlobalSection(SolutionConfigurationPlatforms) = preSolution
		Debug|Any CPU = Debug|Any CPU
		Debug|x86 = Debug|x86
		Release|Any CPU = Release|Any CPU
		Release|x86 = Release|x86
	EndGlobalSection
	GlobalSection(ProjectConfigurationPlatforms) = postSolution
		{3C87F9A8-0C2F-4874-BAA0-348727FEA7F3}.Debug|Any CPU.ActiveCfg = Debug|Any CPU
		{3C87F9A8-0C2F-4874-BAA0-348727FEA7F3}.Debug|Any CPU.Build.0 = Debug|Any CPU
		{3C87F9A8-0C2F-4874-BAA0-348727FEA7F3}.Debug|x86.ActiveCfg = Debug|Any CPU
		{3C87F9A8-0C2F-4874-BAA0-348727FEA7F3}.Debug|x86.Build.0 = Debug|Any CPU
		{3C87F9A8-0C2F-4874-BAA0-348727FEA7F3}.Release|Any CPU.ActiveCfg = Release|Any CPU
		{3C87F9A8-0C2F-4874-BAA0-348727FEA7F3}.Release|Any CPU.Build.0 = Release|Any CPU
		{3C87F9A8-0C2F-4874-BAA0-348727FEA7F3}.Release|x86.ActiveCfg = Release|Any CPU
		{3C87F9A8-0C2F-4874-BAA0-348727FEA7F3}.Release|x86.Build.0 = Release|Any CPU
		{5081CED4-2FE9-41B1-99F2-5C5B28427132}.Debug|Any CPU.ActiveCfg = Debug|Any CPU
		{5081CED4-2FE9-41B1-99F2-5C5B28427132}.Debug|Any CPU.Build.0 = Debug|Any CPU
		{5081CED4-2FE9-41B1-99F2-5C5B28427132}.Debug|x86.ActiveCfg = Debug|Any CPU
		{5081CED4-2FE9-41B1-99F2-5C5B28427132}.Debug|x86.Build.0 = Debug|Any CPU
		{5081CED4-2FE9-41B1-99F2-5C5B28427132}.Release|Any CPU.ActiveCfg = Release|Any CPU
		{5081CED4-2FE9-41B1-99F2-5C5B28427132}.Release|Any CPU.Build.0 = Release|Any CPU
		{5081CED4-2FE9-41B1-99F2-5C5B28427132}.Release|x86.ActiveCfg = Release|Any CPU
		{5081CED4-2FE9-41B1-99F2-5C5B28427132}.Release|x86.Build.0 = Release|Any CPU
	EndGlobalSection
	GlobalSection(SolutionProperties) = preSolution
		HideSolutionNode = FALSE
	EndGlobalSection
	GlobalSection(ExtensibilityGlobals) = postSolution
		SolutionGuid = {FC60DE32-A197-43B1-8E29-1A738FD3772B}
	EndGlobalSection
EndGlobal
